
Microsoft Visual Studio Solution File, Format Version 12.00
# Visual Studio Version 16
VisualStudioVersion = 16.0.32106.194
MinimumVisualStudioVersion = 10.0.40219.1
Project("{FAE04EC0-301F-11D3-BF4B-00C04F79EFBC}") = "Main", "Lista\Main.csproj", "{877F4DC0-9864-497E-A54C-DCE904346D30}"
EndProject
Project("{FAE04EC0-301F-11D3-BF4B-00C04F79EFBC}") = "ListaEnlazada", "ListaEnlazada\ListaEnlazada.csproj", "{3C50C724-C260-42AC-98BD-BC0DC92F49B2}"
EndProject
Global
	GlobalSection(SolutionConfigurationPlatforms) = preSolution
		Debug|Any CPU = Debug|Any CPU
		Release|Any CPU = Release|Any CPU
	EndGlobalSection
	GlobalSection(ProjectConfigurationPlatforms) = postSolution
		{877F4DC0-9864-497E-A54C-DCE904346D30}.Debug|Any CPU.ActiveCfg = Debug|Any CPU
		{877F4DC0-9864-497E-A54C-DCE904346D30}.Debug|Any CPU.Build.0 = Debug|Any CPU
		{877F4DC0-9864-497E-A54C-DCE904346D30}.Release|Any CPU.ActiveCfg = Release|Any CPU
		{877F4DC0-9864-497E-A54C-DCE904346D30}.Release|Any CPU.Build.0 = Release|Any CPU
		{3C50C724-C260-42AC-98BD-BC0DC92F49B2}.Debug|Any CPU.ActiveCfg = Debug|Any CPU
		{3C50C724-C260-42AC-98BD-BC0DC92F49B2}.Debug|Any CPU.Build.0 = Debug|Any CPU
		{3C50C724-C260-42AC-98BD-BC0DC92F49B2}.Release|Any CPU.ActiveCfg = Release|Any CPU
		{3C50C724-C260-42AC-98BD-BC0DC92F49B2}.Release|Any CPU.Build.0 = Release|Any CPU
	EndGlobalSection
	GlobalSection(SolutionProperties) = preSolution
		HideSolutionNode = FALSE
	EndGlobalSection
	GlobalSection(ExtensibilityGlobals) = postSolution
		SolutionGuid = {713BC78D-1E1D-4F38-B927-AB6F1D69C602}
	EndGlobalSection
EndGlobal
