
Microsoft Visual Studio Solution File, Format Version 12.00
# Visual Studio Version 16
VisualStudioVersion = 16.0.32106.194
MinimumVisualStudioVersion = 10.0.40219.1
Project("{9A19103F-16F7-4668-BE54-9A1E7A4F7556}") = "model", "model\model.csproj", "{C522AFF0-CB04-42B3-AEEF-106971A11927}"
EndProject
Project("{9A19103F-16F7-4668-BE54-9A1E7A4F7556}") = "queries", "queries\queries.csproj", "{49CC863C-60C4-4D8D-96A0-717F1E96D859}"
EndProject
Global
	GlobalSection(SolutionConfigurationPlatforms) = preSolution
		Debug|Any CPU = Debug|Any CPU
		Release|Any CPU = Release|Any CPU
	EndGlobalSection
	GlobalSection(ProjectConfigurationPlatforms) = postSolution
		{C522AFF0-CB04-42B3-AEEF-106971A11927}.Debug|Any CPU.ActiveCfg = Debug|Any CPU
		{C522AFF0-CB04-42B3-AEEF-106971A11927}.Debug|Any CPU.Build.0 = Debug|Any CPU
		{C522AFF0-CB04-42B3-AEEF-106971A11927}.Release|Any CPU.ActiveCfg = Release|Any CPU
		{C522AFF0-CB04-42B3-AEEF-106971A11927}.Release|Any CPU.Build.0 = Release|Any CPU
		{49CC863C-60C4-4D8D-96A0-717F1E96D859}.Debug|Any CPU.ActiveCfg = Debug|Any CPU
		{49CC863C-60C4-4D8D-96A0-717F1E96D859}.Debug|Any CPU.Build.0 = Debug|Any CPU
		{49CC863C-60C4-4D8D-96A0-717F1E96D859}.Release|Any CPU.ActiveCfg = Release|Any CPU
		{49CC863C-60C4-4D8D-96A0-717F1E96D859}.Release|Any CPU.Build.0 = Release|Any CPU
	EndGlobalSection
	GlobalSection(SolutionProperties) = preSolution
		HideSolutionNode = FALSE
	EndGlobalSection
	GlobalSection(ExtensibilityGlobals) = postSolution
		SolutionGuid = {4E60FBDA-6EE5-4CE8-90FB-B35C40B70E34}
	EndGlobalSection
EndGlobal
